{
  "name": "www.sandbox.seocontest.com",
  "version": "1.0.0",
  "lockfileVersion": 1,
  "requires": true,
  "dependencies": {
    "axios": {
      "version": "0.18.1",
      "resolved": "https://registry.npmjs.org/axios/-/axios-0.18.1.tgz",
      "integrity": "sha512-0BfJq4NSfQXd+SkFdrvFbG7addhYSBA2mQwISr46pD6E5iqkWg02RAs8vyTT/j0RTnoYmeXauBuSv1qKwR179g==",
      "dev": true,
      "requires": {
        "follow-redirects": "1.5.10",
        "is-buffer": "^2.0.2"
      },
      "dependencies": {
        "debug": {
          "version": "3.1.0",
          "resolved": "https://registry.npmjs.org/debug/-/debug-3.1.0.tgz",
          "integrity": "sha512-OX8XqP7/1a9cqkxYw2yXss15f26NKWBpDXQd0/uK/KPqdQhxbPa994hnzjcE2VqQpDslf55723cKPUOGSmMY3g==",
          "dev": true,
          "requires": {
            "ms": "2.0.0"
          }
        },
        "follow-redirects": {
          "version": "1.5.10",
          "resolved": "https://registry.npmjs.org/follow-redirects/-/follow-redirects-1.5.10.tgz",
          "integrity": "sha512-0V5l4Cizzvqt5D44aTXbFZz+FtyXV1vrDN6qrelxtfYQKW0KO0W2T/hkE8xvGa/540LkZlkaUjO4ailYTFtHVQ==",
          "dev": true,
          "requires": {
            "debug": "=3.1.0"
          }
        },
        "is-buffer": {
          "version": "2.0.4",
          "resolved": "https://registry.npmjs.org/is-buffer/-/is-buffer-2.0.4.tgz",
          "integrity": "sha512-Kq1rokWXOPXWuaMAqZiJW4XxsmD9zGx9q4aePabbn3qCRGedtH7Cm+zV8WETitMfu1wdh+Rvd6w5egwSngUX2A==",
          "dev": true
        }
      }
    },
    "bootstrap-sass": {
      "version": "3.3.7",
      "resolved": "https://registry.npmjs.org/bootstrap-sass/-/bootstrap-sass-3.3.7.tgz",
      "integrity": "sha1-ZZbHq0D2Y3OTMjqwvIDQZPxjBJg=",
      "dev": true
    },
    "cross-env": {
      "version": "5.1.1",
      "resolved": "https://registry.npmjs.org/cross-env/-/cross-env-5.1.1.tgz",
      "integrity": "sha512-Wtvr+z0Z06KO1JxjfRRsPC+df7biIOiuV4iZ73cThjFGkH+ULBZq1MkBdywEcJC4cTDbO6c8IjgRjfswx3YTBA==",
      "dev": true
    },
    "gulp": {
      "version": "3.9.1",
      "resolved": "https://registry.npmjs.org/gulp/-/gulp-3.9.1.tgz",
      "integrity": "sha1-VxzkWSjdQK9lFPxAEYZgFsE4RbQ=",
      "dev": true,
      "dependencies": {
        "ansi-styles": {
          "version": "2.2.1",
          "resolved": "https://registry.npmjs.org/ansi-styles/-/ansi-styles-2.2.1.tgz",
          "integrity": "sha1-tDLdM1i2NM914eRmQ2gkBTPB3b4="
        },
        "chalk": {
          "version": "1.1.3",
          "resolved": "https://registry.npmjs.org/chalk/-/chalk-1.1.3.tgz",
          "integrity": "sha1-qBFcVeSnAv5NFQq9OHKCKn4J/Jg="
        },
        "clone": {
          "version": "0.2.0",
          "resolved": "https://registry.npmjs.org/clone/-/clone-0.2.0.tgz",
          "integrity": "sha1-xhJqkK1Pctv1rNskPMN3JP6T/B8="
        },
        "glob": {
          "version": "4.5.3",
          "resolved": "https://registry.npmjs.org/glob/-/glob-4.5.3.tgz",
          "integrity": "sha1-xstz0yJsHv7wTePFbQEvAzd+4V8="
        },
        "glob-stream": {
          "version": "3.1.18",
          "resolved": "https://registry.npmjs.org/glob-stream/-/glob-stream-3.1.18.tgz",
          "integrity": "sha1-kXCl8St5Awb9/lmPMT+PeVT9FDs="
        },
        "graceful-fs": {
          "version": "3.0.11",
          "resolved": "https://registry.npmjs.org/graceful-fs/-/graceful-fs-3.0.11.tgz",
          "integrity": "sha1-dhPHeKGv6mLyXGMKCG1/Osu92Bg="
        },
        "minimatch": {
          "version": "2.0.10",
          "resolved": "https://registry.npmjs.org/minimatch/-/minimatch-2.0.10.tgz",
          "integrity": "sha1-jQh8OcazjAAbl/ynzm0OHoCvusc="
        },
        "minimist": {
          "version": "1.2.0",
          "resolved": "https://registry.npmjs.org/minimist/-/minimist-1.2.0.tgz",
          "integrity": "sha1-o1AIsg9BOD7sH7kU9M1d95omQoQ="
        },
        "ordered-read-streams": {
          "version": "0.1.0",
          "resolved": "https://registry.npmjs.org/ordered-read-streams/-/ordered-read-streams-0.1.0.tgz",
          "integrity": "sha1-/VZamvjrRHO6abbtijQ1LLVS8SY="
        },
        "semver": {
          "version": "4.3.6",
          "resolved": "https://registry.npmjs.org/semver/-/semver-4.3.6.tgz",
          "integrity": "sha1-MAvG4OhjdPe6YQaLWx7NV/xlMto="
        },
        "strip-bom": {
          "version": "1.0.0",
          "resolved": "https://registry.npmjs.org/strip-bom/-/strip-bom-1.0.0.tgz",
          "integrity": "sha1-hbiGLzhEtabV7IRnqTWYFzo295Q="
        },
        "supports-color": {
          "version": "2.0.0",
          "resolved": "https://registry.npmjs.org/supports-color/-/supports-color-2.0.0.tgz",
          "integrity": "sha1-U10EXOa2Nj+kARcIRimZXp3zJMc="
        },
        "unique-stream": {
          "version": "1.0.0",
          "resolved": "https://registry.npmjs.org/unique-stream/-/unique-stream-1.0.0.tgz",
          "integrity": "sha1-1ZpKdUJ0R9mqbJHnAmP40mpLEEs="
        },
        "vinyl": {
          "version": "0.4.6",
          "resolved": "https://registry.npmjs.org/vinyl/-/vinyl-0.4.6.tgz",
          "integrity": "sha1-LzVsh6VQolVGHza76ypbqL94SEc="
        },
        "vinyl-fs": {
          "version": "0.3.14",
          "resolved": "https://registry.npmjs.org/vinyl-fs/-/vinyl-fs-0.3.14.tgz",
          "integrity": "sha1-mmhRzhysHBzqX+hsCTHWIMLPqeY="
        }
      }
    },
    "gulp-concat": {
      "version": "2.6.1",
      "resolved": "https://registry.npmjs.org/gulp-concat/-/gulp-concat-2.6.1.tgz",
      "integrity": "sha1-Yz0WyV2IUEYorQJmVmPO5aR5M1M=",
      "dev": true,
      "dependencies": {
        "clone": {
          "version": "2.1.1",
          "resolved": "https://registry.npmjs.org/clone/-/clone-2.1.1.tgz",
          "integrity": "sha1-0hfR6WERjjrJpLi7oyhVU79kfNs="
        },
        "clone-stats": {
          "version": "1.0.0",
          "resolved": "https://registry.npmjs.org/clone-stats/-/clone-stats-1.0.0.tgz",
          "integrity": "sha1-s3gt/4u1R04Yuba/D9/ngvh3doA="
        },
        "through2": {
          "version": "2.0.3",
          "resolved": "https://registry.npmjs.org/through2/-/through2-2.0.3.tgz",
          "integrity": "sha1-AARWmzfHx0ujnEPzzteNGtlBQL4="
        },
        "vinyl": {
          "version": "2.1.0",
          "resolved": "https://registry.npmjs.org/vinyl/-/vinyl-2.1.0.tgz",
          "integrity": "sha1-Ah+cLPlR1rk5lDyJ617lrdT9kkw="
        }
      }
    },
    "gulp-jshint": {
      "version": "2.0.4",
      "resolved": "https://registry.npmjs.org/gulp-jshint/-/gulp-jshint-2.0.4.tgz",
      "integrity": "sha1-84KxhWSxBy3vDJqvdTwUba208Og=",
      "dev": true,
      "dependencies": {
        "through2": {
          "version": "2.0.3",
          "resolved": "https://registry.npmjs.org/through2/-/through2-2.0.3.tgz",
          "integrity": "sha1-AARWmzfHx0ujnEPzzteNGtlBQL4="
        }
      }
    },
    "gulp-rename": {
      "version": "1.2.2",
      "resolved": "https://registry.npmjs.org/gulp-rename/-/gulp-rename-1.2.2.tgz",
      "integrity": "sha1-OtRCh2PwXidk3sHGfYaNsnVoeBc=",
      "dev": true
    },
    "gulp-sass": {
      "version": "3.1.0",
      "resolved": "https://registry.npmjs.org/gulp-sass/-/gulp-sass-3.1.0.tgz",
      "integrity": "sha1-U9xLaKH13f5EJKtMJHZVJpqLdLc=",
      "dev": true,
      "dependencies": {
        "through2": {
          "version": "2.0.3",
          "resolved": "https://registry.npmjs.org/through2/-/through2-2.0.3.tgz",
          "integrity": "sha1-AARWmzfHx0ujnEPzzteNGtlBQL4="
        }
      }
    },
    "gulp-uglify": {
      "version": "3.0.0",
      "resolved": "https://registry.npmjs.org/gulp-uglify/-/gulp-uglify-3.0.0.tgz",
      "integrity": "sha1-DfAzHXKg0wLj434QlIXd3zPG0co=",
      "dev": true,
      "dependencies": {
        "through2": {
          "version": "2.0.3",
          "resolved": "https://registry.npmjs.org/through2/-/through2-2.0.3.tgz",
          "integrity": "sha1-AARWmzfHx0ujnEPzzteNGtlBQL4="
        },
        "uglify-js": {
          "version": "3.1.9",
          "resolved": "https://registry.npmjs.org/uglify-js/-/uglify-js-3.1.9.tgz",
          "integrity": "sha512-ari2E89bD7f+fMU173NgF12JBcOhgoxeyuCs97h5K58IBENrnG9eVj2lFadrOPdqf0KifsxVmUQfzA2cHNxCZQ=="
        }
      }
    },
    "jquery": {
      "version": "3.2.1",
      "resolved": "https://registry.npmjs.org/jquery/-/jquery-3.2.1.tgz",
      "integrity": "sha1-XE2d5lKvbNCncBVKYxu6ErAVx4c=",
      "dev": true
    },
    "jshint": {
      "version": "2.9.5",
      "resolved": "https://registry.npmjs.org/jshint/-/jshint-2.9.5.tgz",
      "integrity": "sha1-HnJSkVzmgbQIJ+4UJIxG006apiw=",
      "dev": true,
      "dependencies": {
        "lodash": {
          "version": "3.7.0",
          "resolved": "https://registry.npmjs.org/lodash/-/lodash-3.7.0.tgz",
          "integrity": "sha1-Nni9irmVBXwHreg27S7wh9qBHUU="
        },
        "strip-json-comments": {
          "version": "1.0.4",
          "resolved": "https://registry.npmjs.org/strip-json-comments/-/strip-json-comments-1.0.4.tgz",
          "integrity": "sha1-HhX7ysl9Pumb8tc7TGVrCCu6+5E="
        }
      }
    },
    "laravel-elixir": {
      "version": "6.0.0-16",
      "resolved": "https://registry.npmjs.org/laravel-elixir/-/laravel-elixir-6.0.0-16.tgz",
      "integrity": "sha1-qN0Ma//DD5l32NtA63VuvxFkfRg=",
      "dev": true,
      "dependencies": {
        "ansi-styles": {
          "version": "2.2.1",
          "resolved": "https://registry.npmjs.org/ansi-styles/-/ansi-styles-2.2.1.tgz",
          "integrity": "sha1-tDLdM1i2NM914eRmQ2gkBTPB3b4="
        },
        "async": {
          "version": "0.2.10",
          "resolved": "https://registry.npmjs.org/async/-/async-0.2.10.tgz",
          "integrity": "sha1-trvgsGdLnXGXCMo43owjfLUmw9E="
        },
        "camelcase": {
          "version": "1.2.1",
          "resolved": "https://registry.npmjs.org/camelcase/-/camelcase-1.2.1.tgz",
          "integrity": "sha1-m7UwTS4LVmmLLHWLCKPqqdqlijk="
        },
        "chalk": {
          "version": "1.1.3",
          "resolved": "https://registry.npmjs.org/chalk/-/chalk-1.1.3.tgz",
          "integrity": "sha1-qBFcVeSnAv5NFQq9OHKCKn4J/Jg="
        },
        "clean-css": {
          "version": "3.4.28",
          "resolved": "https://registry.npmjs.org/clean-css/-/clean-css-3.4.28.tgz",
          "integrity": "sha1-vxlF6C/ICPVWlebd6uwBQA79A/8="
        },
        "cliui": {
          "version": "2.1.0",
          "resolved": "https://registry.npmjs.org/cliui/-/cliui-2.1.0.tgz",
          "integrity": "sha1-S0dXYP+AJkx2LDoXGQMukcf+oNE="
        },
        "commander": {
          "version": "2.8.1",
          "resolved": "https://registry.npmjs.org/commander/-/commander-2.8.1.tgz",
          "integrity": "sha1-Br42f+v9oMMwqh4qBy09yXYkJdQ="
        },
        "cross-spawn": {
          "version": "3.0.1",
          "resolved": "https://registry.npmjs.org/cross-spawn/-/cross-spawn-3.0.1.tgz",
          "integrity": "sha1-ElYDfsufDF9549bvE14wdwGEuYI="
        },
        "del": {
          "version": "2.2.2",
          "resolved": "https://registry.npmjs.org/del/-/del-2.2.2.tgz",
          "integrity": "sha1-wSyYHQZ4RshLyvhiz/kw2Qf/0ag="
        },
        "globby": {
          "version": "5.0.0",
          "resolved": "https://registry.npmjs.org/globby/-/globby-5.0.0.tgz",
          "integrity": "sha1-69hGZ8oNuzMLmbz8aOrCvFQ3Dg0="
        },
        "gulp-sass": {
          "version": "2.3.2",
          "resolved": "https://registry.npmjs.org/gulp-sass/-/gulp-sass-2.3.2.tgz",
          "integrity": "sha1-grerkP6QLNw0wE8YDZLyw0kC3VI="
        },
        "gulp-uglify": {
          "version": "1.5.4",
          "resolved": "https://registry.npmjs.org/gulp-uglify/-/gulp-uglify-1.5.4.tgz",
          "integrity": "sha1-UkeI2HZm0J+dDCH7IXf5ADmmWMk="
        },
        "node-sass": {
          "version": "3.13.1",
          "resolved": "https://registry.npmjs.org/node-sass/-/node-sass-3.13.1.tgz",
          "integrity": "sha1-ckD7v/I5YwS0IjUn7TAgWJwAT8I="
        },
        "pify": {
          "version": "2.3.0",
          "resolved": "https://registry.npmjs.org/pify/-/pify-2.3.0.tgz",
          "integrity": "sha1-7RQaasBDqEnqWISY59yosVMw6Qw="
        },
        "source-map": {
          "version": "0.4.4",
          "resolved": "https://registry.npmjs.org/source-map/-/source-map-0.4.4.tgz",
          "integrity": "sha1-66T12pwNyZneaAMti092FzZSA2s="
        },
        "supports-color": {
          "version": "2.0.0",
          "resolved": "https://registry.npmjs.org/supports-color/-/supports-color-2.0.0.tgz",
          "integrity": "sha1-U10EXOa2Nj+kARcIRimZXp3zJMc="
        },
        "through2": {
          "version": "2.0.3",
          "resolved": "https://registry.npmjs.org/through2/-/through2-2.0.3.tgz",
          "integrity": "sha1-AARWmzfHx0ujnEPzzteNGtlBQL4="
        },
        "uglify-js": {
          "version": "2.6.4",
          "resolved": "https://registry.npmjs.org/uglify-js/-/uglify-js-2.6.4.tgz",
          "integrity": "sha1-ZeovswWck5RpLxX+2HwrNsFrmt8=",
          "dependencies": {
            "source-map": {
              "version": "0.5.7",
              "resolved": "https://registry.npmjs.org/source-map/-/source-map-0.5.7.tgz",
              "integrity": "sha1-igOdLRAh0i0eoUyA2OpGi6LvP8w="
            }
          }
        },
        "yargs": {
          "version": "3.10.0",
          "resolved": "https://registry.npmjs.org/yargs/-/yargs-3.10.0.tgz",
          "integrity": "sha1-9+572FfdfB0tOMDnTvvWgdFDH9E="
        }
      }
    },
    "laravel-mix": {
      "version": "1.6.1",
      "resolved": "https://registry.npmjs.org/laravel-mix/-/laravel-mix-1.6.1.tgz",
      "integrity": "sha512-2OLqhqfpej91v1VfkCKWbMnAimF1SH8NE5q3VhsZV2YvOs9uB5UIPw4ryHIQ0mNZcMVfiplWDglhzv/PikU5Vg==",
      "dev": true
    },
    "lodash": {
      "version": "4.17.4",
      "resolved": "https://registry.npmjs.org/lodash/-/lodash-4.17.4.tgz",
      "integrity": "sha1-eCA6TRwyiuHYbcpkYONptX9AVa4=",
      "dev": true
    },
    "ms": {
      "version": "2.0.0",
      "resolved": "https://registry.npmjs.org/ms/-/ms-2.0.0.tgz",
      "integrity": "sha1-VgiurfwAvmwpAd9fmGF4jeDVl8g=",
      "dev": true
    },
    "vue": {
      "version": "2.5.3",
      "resolved": "https://registry.npmjs.org/vue/-/vue-2.5.3.tgz",
      "integrity": "sha512-C8O5ZtR9jpwm6sCre3k42/WvuAcil5hH1+c3mJks8kNCYKh57sQh6I5U7m9L0fD89OKkIofmebUORngZkLedNA==",
      "dev": true
    }
  }
}
